
Microsoft Visual Studio Solution File, Format Version 12.00
# Visual Studio Version 17
VisualStudioVersion = 17.3.32804.467
MinimumVisualStudioVersion = 10.0.40219.1
Project("{9A19103F-16F7-4668-BE54-9A1E7A4F7556}") = "Movies.API", "Movies.API\Movies.API.csproj", "{4BBE2B18-E3B9-4CA8-8814-00225DE9BB42}"
EndProject
Project("{FAE04EC0-301F-11D3-BF4B-00C04F79EFBC}") = "IdentityServer", "IdentityServer\IdentityServer.csproj", "{2E0C875C-E23F-44D7-9674-F98D52C3947E}"
EndProject
Global
	GlobalSection(SolutionConfigurationPlatforms) = preSolution
		Debug|Any CPU = Debug|Any CPU
		Release|Any CPU = Release|Any CPU
	EndGlobalSection
	GlobalSection(ProjectConfigurationPlatforms) = postSolution
		{4BBE2B18-E3B9-4CA8-8814-00225DE9BB42}.Debug|Any CPU.ActiveCfg = Debug|Any CPU
		{4BBE2B18-E3B9-4CA8-8814-00225DE9BB42}.Debug|Any CPU.Build.0 = Debug|Any CPU
		{4BBE2B18-E3B9-4CA8-8814-00225DE9BB42}.Release|Any CPU.ActiveCfg = Release|Any CPU
		{4BBE2B18-E3B9-4CA8-8814-00225DE9BB42}.Release|Any CPU.Build.0 = Release|Any CPU
		{2E0C875C-E23F-44D7-9674-F98D52C3947E}.Debug|Any CPU.ActiveCfg = Debug|Any CPU
		{2E0C875C-E23F-44D7-9674-F98D52C3947E}.Debug|Any CPU.Build.0 = Debug|Any CPU
		{2E0C875C-E23F-44D7-9674-F98D52C3947E}.Release|Any CPU.ActiveCfg = Release|Any CPU
		{2E0C875C-E23F-44D7-9674-F98D52C3947E}.Release|Any CPU.Build.0 = Release|Any CPU
	EndGlobalSection
	GlobalSection(SolutionProperties) = preSolution
		HideSolutionNode = FALSE
	EndGlobalSection
	GlobalSection(ExtensibilityGlobals) = postSolution
		SolutionGuid = {594A6FC2-7BA7-4E97-AA88-A700F80192EB}
	EndGlobalSection
EndGlobal
